<?xml version="1.0" encoding="utf-8"?>
<Project ToolsVersion="4.0" xmlns="http://schemas.microsoft.com/developer/msbuild/2003">
  <ItemGroup>
    <Filter Include="File di origine">
      <UniqueIdentifier>{4FC737F1-C7A5-4376-A066-2A32D752A2FF}</UniqueIdentifier>
      <Extensions>cpp;c;cc;cxx;c++;cppm;ixx;def;odl;idl;hpj;bat;asm;asmx</Extensions>
    </Filter>
    <Filter Include="File di intestazione">
      <UniqueIdentifier>{93995380-89BD-4b04-88EB-625FBE52EBFB}</UniqueIdentifier>
      <Extensions>h;hh;hpp;hxx;h++;hm;inl;inc;ipp;xsd</Extensions>
    </Filter>
    <Filter Include="File di risorse">
      <UniqueIdentifier>{67DA6AB6-F800-4c08-8B7A-83BB121AAD01}</UniqueIdentifier>
      <Extensions>rc;ico;cur;bmp;dlg;rc2;rct;bin;rgs;gif;jpg;jpeg;jpe;resx;tiff;tif;png;wav;mfcribbon-ms</Extensions>
    </Filter>
    <Filter Include="Headers">
      <UniqueIdentifier>{27513ff9-d822-466e-91e9-2bc1a06db1c5}</UniqueIdentifier>
    </Filter>
    <Filter Include="SoruceFiles">
      <UniqueIdentifier>{5c89d621-b863-459e-a45a-05c189df7ed5}</UniqueIdentifier>
    </Filter>
  </ItemGroup>
  <ItemGroup>
    <ClCompile Include="BackTest.cpp">
      <Filter>SoruceFiles</Filter>
    </ClCompile>
    <ClCompile Include="DateProcessor.cpp">
      <Filter>SoruceFiles</Filter>
    </ClCompile>
    <ClCompile Include="Option.cpp">
      <Filter>SoruceFiles</Filter>
    </ClCompile>
    <ClCompile Include="QuantLibrary.cpp">
      <Filter>SoruceFiles</Filter>
    </ClCompile>
    <ClCompile Include="Reader.cpp">
      <Filter>SoruceFiles</Filter>
    </ClCompile>
  </ItemGroup>
  <ItemGroup>
    <ClInclude Include="DateProcessor.h">
      <Filter>Headers</Filter>
    </ClInclude>
    <ClInclude Include="Option.h">
      <Filter>Headers</Filter>
    </ClInclude>
    <ClInclude Include="QuantLibrary.h">
      <Filter>Headers</Filter>
    </ClInclude>
    <ClInclude Include="Reader.h">
      <Filter>Headers</Filter>
    </ClInclude>
    <ClInclude Include="resource.h">
      <Filter>Headers</Filter>
    </ClInclude>
  </ItemGroup>
  <ItemGroup>
    <ResourceCompile Include="BackTest.rc">
      <Filter>File di risorse</Filter>
    </ResourceCompile>
  </ItemGroup>
  <ItemGroup>
    <Text Include="strategy.txt">
      <Filter>File di risorse</Filter>
    </Text>
  </ItemGroup>
  <ItemGroup>
    <None Include="csvProfits.csv">
      <Filter>File di risorse</Filter>
    </None>
    <None Include="csvClosing.csv">
      <Filter>File di risorse</Filter>
    </None>
  </ItemGroup>
</Project>